
Microsoft Visual Studio Solution File, Format Version 12.00
# Visual Studio Version 17
VisualStudioVersion = 17.14.37012.4
MinimumVisualStudioVersion = 10.0.40219.1
Project("{FAE04EC0-301F-11D3-BF4B-00C04F79EFBC}") = "borealis-flowers.api", "borealis-flowers.api\borealis-flowers.api.csproj", "{504178A4-FBEF-4370-8F72-956F2CD75951}"
EndProject
Project("{FAE04EC0-301F-11D3-BF4B-00C04F79EFBC}") = "borealis-flowers.ui", "borealis-flowers.ui\borealis-flowers.ui.csproj", "{03EEDDB7-2E93-445C-977E-6FDBC7B03E12}"
EndProject
Global
	GlobalSection(SolutionConfigurationPlatforms) = preSolution
		Debug|Any CPU = Debug|Any CPU
		Debug|x64 = Debug|x64
		Debug|x86 = Debug|x86
		Release|Any CPU = Release|Any CPU
		Release|x64 = Release|x64
		Release|x86 = Release|x86
	EndGlobalSection
	GlobalSection(ProjectConfigurationPlatforms) = postSolution
		{504178A4-FBEF-4370-8F72-956F2CD75951}.Debug|Any CPU.ActiveCfg = Debug|Any CPU
		{504178A4-FBEF-4370-8F72-956F2CD75951}.Debug|Any CPU.Build.0 = Debug|Any CPU
		{504178A4-FBEF-4370-8F72-956F2CD75951}.Debug|x64.ActiveCfg = Debug|Any CPU
		{504178A4-FBEF-4370-8F72-956F2CD75951}.Debug|x64.Build.0 = Debug|Any CPU
		{504178A4-FBEF-4370-8F72-956F2CD75951}.Debug|x86.ActiveCfg = Debug|Any CPU
		{504178A4-FBEF-4370-8F72-956F2CD75951}.Debug|x86.Build.0 = Debug|Any CPU
		{504178A4-FBEF-4370-8F72-956F2CD75951}.Release|Any CPU.ActiveCfg = Release|Any CPU
		{504178A4-FBEF-4370-8F72-956F2CD75951}.Release|Any CPU.Build.0 = Release|Any CPU
		{504178A4-FBEF-4370-8F72-956F2CD75951}.Release|x64.ActiveCfg = Release|Any CPU
		{504178A4-FBEF-4370-8F72-956F2CD75951}.Release|x64.Build.0 = Release|Any CPU
		{504178A4-FBEF-4370-8F72-956F2CD75951}.Release|x86.ActiveCfg = Release|Any CPU
		{504178A4-FBEF-4370-8F72-956F2CD75951}.Release|x86.Build.0 = Release|Any CPU
		{03EEDDB7-2E93-445C-977E-6FDBC7B03E12}.Debug|Any CPU.ActiveCfg = Debug|Any CPU
		{03EEDDB7-2E93-445C-977E-6FDBC7B03E12}.Debug|Any CPU.Build.0 = Debug|Any CPU
		{03EEDDB7-2E93-445C-977E-6FDBC7B03E12}.Debug|x64.ActiveCfg = Debug|Any CPU
		{03EEDDB7-2E93-445C-977E-6FDBC7B03E12}.Debug|x64.Build.0 = Debug|Any CPU
		{03EEDDB7-2E93-445C-977E-6FDBC7B03E12}.Debug|x86.ActiveCfg = Debug|Any CPU
		{03EEDDB7-2E93-445C-977E-6FDBC7B03E12}.Debug|x86.Build.0 = Debug|Any CPU
		{03EEDDB7-2E93-445C-977E-6FDBC7B03E12}.Release|Any CPU.ActiveCfg = Release|Any CPU
		{03EEDDB7-2E93-445C-977E-6FDBC7B03E12}.Release|Any CPU.Build.0 = Release|Any CPU
		{03EEDDB7-2E93-445C-977E-6FDBC7B03E12}.Release|x64.ActiveCfg = Release|Any CPU
		{03EEDDB7-2E93-445C-977E-6FDBC7B03E12}.Release|x64.Build.0 = Release|Any CPU
		{03EEDDB7-2E93-445C-977E-6FDBC7B03E12}.Release|x86.ActiveCfg = Release|Any CPU
		{03EEDDB7-2E93-445C-977E-6FDBC7B03E12}.Release|x86.Build.0 = Release|Any CPU
	EndGlobalSection
	GlobalSection(SolutionProperties) = preSolution
		HideSolutionNode = FALSE
	EndGlobalSection
	GlobalSection(ExtensibilityGlobals) = postSolution
		SolutionGuid = {358FE278-02DE-4FA5-8A9A-379F503DF937}
	EndGlobalSection
EndGlobal
